// !$*UTF8*$!
{
	archiveVersion = 1;
	classes = {
	};
	objectVersion = 50;
	objects = {

/* Begin PBXBuildFile section */
		8D5BC69093A65C03534B1BE4 /* Pods_SmileSelfie.framework in Frameworks */ = {isa = PBXBuildFile; fileRef = C07DC2225E2212999C8907B1 /* Pods_SmileSelfie.framework */; };
		942927FE229FB04700C34915 /* UIImage+mask.swift in Sources */ = {isa = PBXBuildFile; fileRef = 942927FD229FB04700C34915 /* UIImage+mask.swift */; };
		94292800229FFF3B00C34915 /* UIColor+Addition.swift in Sources */ = {isa = PBXBuildFile; fileRef = 942927FF229FFF3B00C34915 /* UIColor+Addition.swift */; };
		9439C969229E2F3B0009CF8D /* AppDelegate.swift in Sources */ = {isa = PBXBuildFile; fileRef = 9439C968229E2F3B0009CF8D /* AppDelegate.swift */; };
		9439C96B229E2F3B0009CF8D /* HomeViewController.swift in Sources */ = {isa = PBXBuildFile; fileRef = 9439C96A229E2F3B0009CF8D /* HomeViewController.swift */; };
		9439C96E229E2F3B0009CF8D /* Main.storyboard in Resources */ = {isa = PBXBuildFile; fileRef = 9439C96C229E2F3B0009CF8D /* Main.storyboard */; };
		9439C970229E2F3C0009CF8D /* Assets.xcassets in Resources */ = {isa = PBXBuildFile; fileRef = 9439C96F229E2F3C0009CF8D /* Assets.xcassets */; };
		9439C973229E2F3C0009CF8D /* LaunchScreen.storyboard in Resources */ = {isa = PBXBuildFile; fileRef = 9439C971229E2F3C0009CF8D /* LaunchScreen.storyboard */; };
		9482554E229E358D00ADAFB6 /* SmileSelfieViewController.swift in Sources */ = {isa = PBXBuildFile; fileRef = 9482554D229E358D00ADAFB6 /* SmileSelfieViewController.swift */; };
		94825552229E3E4900ADAFB6 /* CameraCaptureOutput.swift in Sources */ = {isa = PBXBuildFile; fileRef = 94825551229E3E4900ADAFB6 /* CameraCaptureOutput.swift */; };
		94825555229E43B300ADAFB6 /* FaceView.swift in Sources */ = {isa = PBXBuildFile; fileRef = 94825554229E43B300ADAFB6 /* FaceView.swift */; };
		94825558229E462100ADAFB6 /* CoreGraphicsExtensions.swift in Sources */ = {isa = PBXBuildFile; fileRef = 94825557229E462100ADAFB6 /* CoreGraphicsExtensions.swift */; };
		9482555A229E466B00ADAFB6 /* UIView+CornerRadius.swift in Sources */ = {isa = PBXBuildFile; fileRef = 94825559229E466B00ADAFB6 /* UIView+CornerRadius.swift */; };
		9493A9D122A0F35D00F42F3E /* LivePhotoCaptureProcessor.swift in Sources */ = {isa = PBXBuildFile; fileRef = 9493A9D022A0F35D00F42F3E /* LivePhotoCaptureProcessor.swift */; };
		9493A9D422A12F6100F42F3E /* SmileSelfieKey.swift in Sources */ = {isa = PBXBuildFile; fileRef = 9493A9D322A12F6100F42F3E /* SmileSelfieKey.swift */; };
/* End PBXBuildFile section */

/* Begin PBXFileReference section */
		0A36EDEE773F5C557D90E77D /* Pods-SmileSelfie.release.xcconfig */ = {isa = PBXFileReference; includeInIndex = 1; lastKnownFileType = text.xcconfig; name = "Pods-SmileSelfie.release.xcconfig"; path = "Pods/Target Support Files/Pods-SmileSelfie/Pods-SmileSelfie.release.xcconfig"; sourceTree = "<group>"; };
		65816FFAC30AA51F8EDAB604 /* Pods-SmileSelfie.debug.xcconfig */ = {isa = PBXFileReference; includeInIndex = 1; lastKnownFileType = text.xcconfig; name = "Pods-SmileSelfie.debug.xcconfig"; path = "Pods/Target Support Files/Pods-SmileSelfie/Pods-SmileSelfie.debug.xcconfig"; sourceTree = "<group>"; };
		942927FD229FB04700C34915 /* UIImage+mask.swift */ = {isa = PBXFileReference; lastKnownFileType = sourcecode.swift; path = "UIImage+mask.swift"; sourceTree = "<group>"; };
		942927FF229FFF3B00C34915 /* UIColor+Addition.swift */ = {isa = PBXFileReference; lastKnownFileType = sourcecode.swift; path = "UIColor+Addition.swift"; sourceTree = "<group>"; };
		9439C965229E2F3B0009CF8D /* SmileSelfie.app */ = {isa = PBXFileReference; explicitFileType = wrapper.application; includeInIndex = 0; path = SmileSelfie.app; sourceTree = BUILT_PRODUCTS_DIR; };
		9439C968229E2F3B0009CF8D /* AppDelegate.swift */ = {isa = PBXFileReference; lastKnownFileType = sourcecode.swift; path = AppDelegate.swift; sourceTree = "<group>"; };
		9439C96A229E2F3B0009CF8D /* HomeViewController.swift */ = {isa = PBXFileReference; lastKnownFileType = sourcecode.swift; path = HomeViewController.swift; sourceTree = "<group>"; };
		9439C96D229E2F3B0009CF8D /* Base */ = {isa = PBXFileReference; lastKnownFileType = file.storyboard; name = Base; path = Base.lproj/Main.storyboard; sourceTree = "<group>"; };
		9439C96F229E2F3C0009CF8D /* Assets.xcassets */ = {isa = PBXFileReference; lastKnownFileType = folder.assetcatalog; path = Assets.xcassets; sourceTree = "<group>"; };
		9439C972229E2F3C0009CF8D /* Base */ = {isa = PBXFileReference; lastKnownFileType = file.storyboard; name = Base; path = Base.lproj/LaunchScreen.storyboard; sourceTree = "<group>"; };
		9439C974229E2F3C0009CF8D /* Info.plist */ = {isa = PBXFileReference; lastKnownFileType = text.plist.xml; path = Info.plist; sourceTree = "<group>"; };
		9482554D229E358D00ADAFB6 /* SmileSelfieViewController.swift */ = {isa = PBXFileReference; lastKnownFileType = sourcecode.swift; path = SmileSelfieViewController.swift; sourceTree = "<group>"; };
		94825551229E3E4900ADAFB6 /* CameraCaptureOutput.swift */ = {isa = PBXFileReference; lastKnownFileType = sourcecode.swift; path = CameraCaptureOutput.swift; sourceTree = "<group>"; };
		94825554229E43B300ADAFB6 /* FaceView.swift */ = {isa = PBXFileReference; lastKnownFileType = sourcecode.swift; path = FaceView.swift; sourceTree = "<group>"; };
		94825557229E462100ADAFB6 /* CoreGraphicsExtensions.swift */ = {isa = PBXFileReference; lastKnownFileType = sourcecode.swift; path = CoreGraphicsExtensions.swift; sourceTree = "<group>"; };
		94825559229E466B00ADAFB6 /* UIView+CornerRadius.swift */ = {isa = PBXFileReference; lastKnownFileType = sourcecode.swift; path = "UIView+CornerRadius.swift"; sourceTree = "<group>"; };
		9493A9D022A0F35D00F42F3E /* LivePhotoCaptureProcessor.swift */ = {isa = PBXFileReference; lastKnownFileType = sourcecode.swift; path = LivePhotoCaptureProcessor.swift; sourceTree = "<group>"; };
		9493A9D322A12F6100F42F3E /* SmileSelfieKey.swift */ = {isa = PBXFileReference; lastKnownFileType = sourcecode.swift; path = SmileSelfieKey.swift; sourceTree = "<group>"; };
		C07DC2225E2212999C8907B1 /* Pods_SmileSelfie.framework */ = {isa = PBXFileReference; explicitFileType = wrapper.framework; includeInIndex = 0; path = Pods_SmileSelfie.framework; sourceTree = BUILT_PRODUCTS_DIR; };
/* End PBXFileReference section */

/* Begin PBXFrameworksBuildPhase section */
		9439C962229E2F3B0009CF8D /* Frameworks */ = {
			isa = PBXFrameworksBuildPhase;
			buildActionMask = 2147483647;
			files = (
				8D5BC69093A65C03534B1BE4 /* Pods_SmileSelfie.framework in Frameworks */,
			);
			runOnlyForDeploymentPostprocessing = 0;
		};
/* End PBXFrameworksBuildPhase section */

/* Begin PBXGroup section */
		535A0C032A72E3DFB2D60322 /* Pods */ = {
			isa = PBXGroup;
			children = (
				65816FFAC30AA51F8EDAB604 /* Pods-SmileSelfie.debug.xcconfig */,
				0A36EDEE773F5C557D90E77D /* Pods-SmileSelfie.release.xcconfig */,
			);
			name = Pods;
			sourceTree = "<group>";
		};
		9439C95C229E2F3B0009CF8D = {
			isa = PBXGroup;
			children = (
				9439C967229E2F3B0009CF8D /* SmileSelfie */,
				9439C966229E2F3B0009CF8D /* Products */,
				535A0C032A72E3DFB2D60322 /* Pods */,
				B85F7C42F7A900876B8BD5A4 /* Frameworks */,
			);
			sourceTree = "<group>";
		};
		9439C966229E2F3B0009CF8D /* Products */ = {
			isa = PBXGroup;
			children = (
				9439C965229E2F3B0009CF8D /* SmileSelfie.app */,
			);
			name = Products;
			sourceTree = "<group>";
		};
		9439C967229E2F3B0009CF8D /* SmileSelfie */ = {
			isa = PBXGroup;
			children = (
				9493A9D222A12F4B00F42F3E /* Keys */,
				94825556229E460300ADAFB6 /* Extensions */,
				9439C968229E2F3B0009CF8D /* AppDelegate.swift */,
				9439C96C229E2F3B0009CF8D /* Main.storyboard */,
				94825553229E439000ADAFB6 /* View */,
				9482554F229E359300ADAFB6 /* Controllers */,
				94825550229E3E2300ADAFB6 /* CapturePhoto */,
				9439C96F229E2F3C0009CF8D /* Assets.xcassets */,
				9439C971229E2F3C0009CF8D /* LaunchScreen.storyboard */,
				9439C974229E2F3C0009CF8D /* Info.plist */,
			);
			path = SmileSelfie;
			sourceTree = "<group>";
		};
		9482554F229E359300ADAFB6 /* Controllers */ = {
			isa = PBXGroup;
			children = (
				9439C96A229E2F3B0009CF8D /* HomeViewController.swift */,
				9482554D229E358D00ADAFB6 /* SmileSelfieViewController.swift */,
			);
			path = Controllers;
			sourceTree = "<group>";
		};
		94825550229E3E2300ADAFB6 /* CapturePhoto */ = {
			isa = PBXGroup;
			children = (
				94825551229E3E4900ADAFB6 /* CameraCaptureOutput.swift */,
				9493A9D022A0F35D00F42F3E /* LivePhotoCaptureProcessor.swift */,
			);
			path = CapturePhoto;
			sourceTree = "<group>";
		};
		94825553229E439000ADAFB6 /* View */ = {
			isa = PBXGroup;
			children = (
				94825554229E43B300ADAFB6 /* FaceView.swift */,
			);
			path = View;
			sourceTree = "<group>";
		};
		94825556229E460300ADAFB6 /* Extensions */ = {
			isa = PBXGroup;
			children = (
				94825557229E462100ADAFB6 /* CoreGraphicsExtensions.swift */,
				94825559229E466B00ADAFB6 /* UIView+CornerRadius.swift */,
				942927FD229FB04700C34915 /* UIImage+mask.swift */,
				942927FF229FFF3B00C34915 /* UIColor+Addition.swift */,
			);
			path = Extensions;
			sourceTree = "<group>";
		};
		9493A9D222A12F4B00F42F3E /* Keys */ = {
			isa = PBXGroup;
			children = (
				9493A9D322A12F6100F42F3E /* SmileSelfieKey.swift */,
			);
			path = Keys;
			sourceTree = "<group>";
		};
		B85F7C42F7A900876B8BD5A4 /* Frameworks */ = {
			isa = PBXGroup;
			children = (
				C07DC2225E2212999C8907B1 /* Pods_SmileSelfie.framework */,
			);
			name = Frameworks;
			sourceTree = "<group>";
		};
/* End PBXGroup section */

/* Begin PBXNativeTarget section */
		9439C964229E2F3B0009CF8D /* SmileSelfie */ = {
			isa = PBXNativeTarget;
			buildConfigurationList = 9439C977229E2F3C0009CF8D /* Build configuration list for PBXNativeTarget "SmileSelfie" */;
			buildPhases = (
				B53885B216486AD89168EB40 /* [CP] Check Pods Manifest.lock */,
				9439C961229E2F3B0009CF8D /* Sources */,
				9439C962229E2F3B0009CF8D /* Frameworks */,
				9439C963229E2F3B0009CF8D /* Resources */,
				85B3A37AD4B24CAC988FAD22 /* [CP] Embed Pods Frameworks */,
			);
			buildRules = (
			);
			dependencies = (
			);
			name = SmileSelfie;
			productName = SmileSelfie;
			productReference = 9439C965229E2F3B0009CF8D /* SmileSelfie.app */;
			productType = "com.apple.product-type.application";
		};
/* End PBXNativeTarget section */

/* Begin PBXProject section */
		9439C95D229E2F3B0009CF8D /* Project object */ = {
			isa = PBXProject;
			attributes = {
				LastSwiftUpdateCheck = 1020;
				LastUpgradeCheck = 1020;
				ORGANIZATIONNAME = amG;
				TargetAttributes = {
					9439C964229E2F3B0009CF8D = {
						CreatedOnToolsVersion = 10.2.1;
					};
				};
			};
			buildConfigurationList = 9439C960229E2F3B0009CF8D /* Build configuration list for PBXProject "SmileSelfie" */;
			compatibilityVersion = "Xcode 9.3";
			developmentRegion = en;
			hasScannedForEncodings = 0;
			knownRegions = (
				en,
				Base,
			);
			mainGroup = 9439C95C229E2F3B0009CF8D;
			productRefGroup = 9439C966229E2F3B0009CF8D /* Products */;
			projectDirPath = "";
			projectRoot = "";
			targets = (
				9439C964229E2F3B0009CF8D /* SmileSelfie */,
			);
		};
/* End PBXProject section */

/* Begin PBXResourcesBuildPhase section */
		9439C963229E2F3B0009CF8D /* Resources */ = {
			isa = PBXResourcesBuildPhase;
			buildActionMask = 2147483647;
			files = (
				9439C973229E2F3C0009CF8D /* LaunchScreen.storyboard in Resources */,
				9439C970229E2F3C0009CF8D /* Assets.xcassets in Resources */,
				9439C96E229E2F3B0009CF8D /* Main.storyboard in Resources */,
			);
			runOnlyForDeploymentPostprocessing = 0;
		};
/* End PBXResourcesBuildPhase section */

/* Begin PBXShellScriptBuildPhase section */
		85B3A37AD4B24CAC988FAD22 /* [CP] Embed Pods Frameworks */ = {
			isa = PBXShellScriptBuildPhase;
			buildActionMask = 2147483647;
			files = (
			);
			inputFileListPaths = (
			);
			inputPaths = (
				"${SRCROOT}/Pods/Target Support Files/Pods-SmileSelfie/Pods-SmileSelfie-frameworks.sh",
				"${BUILT_PRODUCTS_DIR}/AwesomeIntroGuideView/AwesomeIntroGuideView.framework",
				"${BUILT_PRODUCTS_DIR}/CircleMenu/CircleMenu.framework",
				"${BUILT_PRODUCTS_DIR}/DWAnimatedLabel/DWAnimatedLabel.framework",
				"${BUILT_PRODUCTS_DIR}/Masonry/Masonry.framework",
				"${BUILT_PRODUCTS_DIR}/PryntTrimmerView/PryntTrimmerView.framework",
				"${BUILT_PRODUCTS_DIR}/SteviaLayout/Stevia.framework",
				"${BUILT_PRODUCTS_DIR}/YPImagePicker/YPImagePicker.framework",
				"${BUILT_PRODUCTS_DIR}/ZCAnimatedLabel/ZCAnimatedLabel.framework",
			);
			name = "[CP] Embed Pods Frameworks";
			outputFileListPaths = (
			);
			outputPaths = (
				"${TARGET_BUILD_DIR}/${FRAMEWORKS_FOLDER_PATH}/AwesomeIntroGuideView.framework",
				"${TARGET_BUILD_DIR}/${FRAMEWORKS_FOLDER_PATH}/CircleMenu.framework",
				"${TARGET_BUILD_DIR}/${FRAMEWORKS_FOLDER_PATH}/DWAnimatedLabel.framework",
				"${TARGET_BUILD_DIR}/${FRAMEWORKS_FOLDER_PATH}/Masonry.framework",
				"${TARGET_BUILD_DIR}/${FRAMEWORKS_FOLDER_PATH}/PryntTrimmerView.framework",
				"${TARGET_BUILD_DIR}/${FRAMEWORKS_FOLDER_PATH}/Stevia.framework",
				"${TARGET_BUILD_DIR}/${FRAMEWORKS_FOLDER_PATH}/YPImagePicker.framework",
				"${TARGET_BUILD_DIR}/${FRAMEWORKS_FOLDER_PATH}/ZCAnimatedLabel.framework",
			);
			runOnlyForDeploymentPostprocessing = 0;
			shellPath = /bin/sh;
			shellScript = "\"${SRCROOT}/Pods/Target Support Files/Pods-SmileSelfie/Pods-SmileSelfie-frameworks.sh\"\n";
			showEnvVarsInLog = 0;
		};
		B53885B216486AD89168EB40 /* [CP] Check Pods Manifest.lock */ = {
			isa = PBXShellScriptBuildPhase;
			buildActionMask = 2147483647;
			files = (
			);
			inputFileListPaths = (
			);
			inputPaths = (
				"${PODS_PODFILE_DIR_PATH}/Podfile.lock",
				"${PODS_ROOT}/Manifest.lock",
			);
			name = "[CP] Check Pods Manifest.lock";
			outputFileListPaths = (
			);
			outputPaths = (
				"$(DERIVED_FILE_DIR)/Pods-SmileSelfie-checkManifestLockResult.txt",
			);
			runOnlyForDeploymentPostprocessing = 0;
			shellPath = /bin/sh;
			shellScript = "diff \"${PODS_PODFILE_DIR_PATH}/Podfile.lock\" \"${PODS_ROOT}/Manifest.lock\" > /dev/null\nif [ $? != 0 ] ; then\n    # print error to STDERR\n    echo \"error: The sandbox is not in sync with the Podfile.lock. Run 'pod install' or update your CocoaPods installation.\" >&2\n    exit 1\nfi\n# This output is used by Xcode 'outputs' to avoid re-running this script phase.\necho \"SUCCESS\" > \"${SCRIPT_OUTPUT_FILE_0}\"\n";
			showEnvVarsInLog = 0;
		};
/* End PBXShellScriptBuildPhase section */

/* Begin PBXSourcesBuildPhase section */
		9439C961229E2F3B0009CF8D /* Sources */ = {
			isa = PBXSourcesBuildPhase;
			buildActionMask = 2147483647;
			files = (
				9482554E229E358D00ADAFB6 /* SmileSelfieViewController.swift in Sources */,
				94292800229FFF3B00C34915 /* UIColor+Addition.swift in Sources */,
				9439C96B229E2F3B0009CF8D /* HomeViewController.swift in Sources */,
				94825552229E3E4900ADAFB6 /* CameraCaptureOutput.swift in Sources */,
				9493A9D122A0F35D00F42F3E /* LivePhotoCaptureProcessor.swift in Sources */,
				9439C969229E2F3B0009CF8D /* AppDelegate.swift in Sources */,
				94825555229E43B300ADAFB6 /* FaceView.swift in Sources */,
				942927FE229FB04700C34915 /* UIImage+mask.swift in Sources */,
				9482555A229E466B00ADAFB6 /* UIView+CornerRadius.swift in Sources */,
				94825558229E462100ADAFB6 /* CoreGraphicsExtensions.swift in Sources */,
				9493A9D422A12F6100F42F3E /* SmileSelfieKey.swift in Sources */,
			);
			runOnlyForDeploymentPostprocessing = 0;
		};
/* End PBXSourcesBuildPhase section */

/* Begin PBXVariantGroup section */
		9439C96C229E2F3B0009CF8D /* Main.storyboard */ = {
			isa = PBXVariantGroup;
			children = (
				9439C96D229E2F3B0009CF8D /* Base */,
			);
			name = Main.storyboard;
			sourceTree = "<group>";
		};
		9439C971229E2F3C0009CF8D /* LaunchScreen.storyboard */ = {
			isa = PBXVariantGroup;
			children = (
				9439C972229E2F3C0009CF8D /* Base */,
			);
			name = LaunchScreen.storyboard;
			sourceTree = "<group>";
		};
/* End PBXVariantGroup section */

/* Begin XCBuildConfiguration section */
		9439C975229E2F3C0009CF8D /* Debug */ = {
			isa = XCBuildConfiguration;
			buildSettings = {
				ALWAYS_SEARCH_USER_PATHS = NO;
				CLANG_ANALYZER_NONNULL = YES;
				CLANG_ANALYZER_NUMBER_OBJECT_CONVERSION = YES_AGGRESSIVE;
				CLANG_CXX_LANGUAGE_STANDARD = "gnu++14";
				CLANG_CXX_LIBRARY = "libc++";
				CLANG_ENABLE_MODULES = YES;
				CLANG_ENABLE_OBJC_ARC = YES;
				CLANG_ENABLE_OBJC_WEAK = YES;
				CLANG_WARN_BLOCK_CAPTURE_AUTORELEASING = YES;
				CLANG_WARN_BOOL_CONVERSION = YES;
				CLANG_WARN_COMMA = YES;
				CLANG_WARN_CONSTANT_CONVERSION = YES;
				CLANG_WARN_DEPRECATED_OBJC_IMPLEMENTATIONS = YES;
				CLANG_WARN_DIRECT_OBJC_ISA_USAGE = YES_ERROR;
				CLANG_WARN_DOCUMENTATION_COMMENTS = YES;
				CLANG_WARN_EMPTY_BODY = YES;
				CLANG_WARN_ENUM_CONVERSION = YES;
				CLANG_WARN_INFINITE_RECURSION = YES;
				CLANG_WARN_INT_CONVERSION = YES;
				CLANG_WARN_NON_LITERAL_NULL_CONVERSION = YES;
				CLANG_WARN_OBJC_IMPLICIT_RETAIN_SELF = YES;
				CLANG_WARN_OBJC_LITERAL_CONVERSION = YES;
				CLANG_WARN_OBJC_ROOT_CLASS = YES_ERROR;
				CLANG_WARN_RANGE_LOOP_ANALYSIS = YES;
				CLANG_WARN_STRICT_PROTOTYPES = YES;
				CLANG_WARN_SUSPICIOUS_MOVE = YES;
				CLANG_WARN_UNGUARDED_AVAILABILITY = YES_AGGRESSIVE;
				CLANG_WARN_UNREACHABLE_CODE = YES;
				CLANG_WARN__DUPLICATE_METHOD_MATCH = YES;
				CODE_SIGN_IDENTITY = "iPhone Developer";
				COPY_PHASE_STRIP = NO;
				DEBUG_INFORMATION_FORMAT = dwarf;
				ENABLE_STRICT_OBJC_MSGSEND = YES;
				ENABLE_TESTABILITY = YES;
				GCC_C_LANGUAGE_STANDARD = gnu11;
				GCC_DYNAMIC_NO_PIC = NO;
				GCC_NO_COMMON_BLOCKS = YES;
				GCC_OPTIMIZATION_LEVEL = 0;
				GCC_PREPROCESSOR_DEFINITIONS = (
					"DEBUG=1",
					"$(inherited)",
				);
				GCC_WARN_64_TO_32_BIT_CONVERSION = YES;
				GCC_WARN_ABOUT_RETURN_TYPE = YES_ERROR;
				GCC_WARN_UNDECLARED_SELECTOR = YES;
				GCC_WARN_UNINITIALIZED_AUTOS = YES_AGGRESSIVE;
				GCC_WARN_UNUSED_FUNCTION = YES;
				GCC_WARN_UNUSED_VARIABLE = YES;
				IPHONEOS_DEPLOYMENT_TARGET = 12.2;
				MTL_ENABLE_DEBUG_INFO = INCLUDE_SOURCE;
				MTL_FAST_MATH = YES;
				ONLY_ACTIVE_ARCH = YES;
				SDKROOT = iphoneos;
				SWIFT_ACTIVE_COMPILATION_CONDITIONS = DEBUG;
				SWIFT_OPTIMIZATION_LEVEL = "-Onone";
			};
			name = Debug;
		};
		9439C976229E2F3C0009CF8D /* Release */ = {
			isa = XCBuildConfiguration;
			buildSettings = {
				ALWAYS_SEARCH_USER_PATHS = NO;
				CLANG_ANALYZER_NONNULL = YES;
				CLANG_ANALYZER_NUMBER_OBJECT_CONVERSION = YES_AGGRESSIVE;
				CLANG_CXX_LANGUAGE_STANDARD = "gnu++14";
				CLANG_CXX_LIBRARY = "libc++";
				CLANG_ENABLE_MODULES = YES;
				CLANG_ENABLE_OBJC_ARC = YES;
				CLANG_ENABLE_OBJC_WEAK = YES;
				CLANG_WARN_BLOCK_CAPTURE_AUTORELEASING = YES;
				CLANG_WARN_BOOL_CONVERSION = YES;
				CLANG_WARN_COMMA = YES;
				CLANG_WARN_CONSTANT_CONVERSION = YES;
				CLANG_WARN_DEPRECATED_OBJC_IMPLEMENTATIONS = YES;
				CLANG_WARN_DIRECT_OBJC_ISA_USAGE = YES_ERROR;
				CLANG_WARN_DOCUMENTATION_COMMENTS = YES;
				CLANG_WARN_EMPTY_BODY = YES;
				CLANG_WARN_ENUM_CONVERSION = YES;
				CLANG_WARN_INFINITE_RECURSION = YES;
				CLANG_WARN_INT_CONVERSION = YES;
				CLANG_WARN_NON_LITERAL_NULL_CONVERSION = YES;
				CLANG_WARN_OBJC_IMPLICIT_RETAIN_SELF = YES;
				CLANG_WARN_OBJC_LITERAL_CONVERSION = YES;
				CLANG_WARN_OBJC_ROOT_CLASS = YES_ERROR;
				CLANG_WARN_RANGE_LOOP_ANALYSIS = YES;
				CLANG_WARN_STRICT_PROTOTYPES = YES;
				CLANG_WARN_SUSPICIOUS_MOVE = YES;
				CLANG_WARN_UNGUARDED_AVAILABILITY = YES_AGGRESSIVE;
				CLANG_WARN_UNREACHABLE_CODE = YES;
				CLANG_WARN__DUPLICATE_METHOD_MATCH = YES;
				CODE_SIGN_IDENTITY = "iPhone Developer";
				COPY_PHASE_STRIP = NO;
				DEBUG_INFORMATION_FORMAT = "dwarf-with-dsym";
				ENABLE_NS_ASSERTIONS = NO;
				ENABLE_STRICT_OBJC_MSGSEND = YES;
				GCC_C_LANGUAGE_STANDARD = gnu11;
				GCC_NO_COMMON_BLOCKS = YES;
				GCC_WARN_64_TO_32_BIT_CONVERSION = YES;
				GCC_WARN_ABOUT_RETURN_TYPE = YES_ERROR;
				GCC_WARN_UNDECLARED_SELECTOR = YES;
				GCC_WARN_UNINITIALIZED_AUTOS = YES_AGGRESSIVE;
				GCC_WARN_UNUSED_FUNCTION = YES;
				GCC_WARN_UNUSED_VARIABLE = YES;
				IPHONEOS_DEPLOYMENT_TARGET = 12.2;
				MTL_ENABLE_DEBUG_INFO = NO;
				MTL_FAST_MATH = YES;
				SDKROOT = iphoneos;
				SWIFT_COMPILATION_MODE = wholemodule;
				SWIFT_OPTIMIZATION_LEVEL = "-O";
				VALIDATE_PRODUCT = YES;
			};
			name = Release;
		};
		9439C978229E2F3C0009CF8D /* Debug */ = {
			isa = XCBuildConfiguration;
			baseConfigurationReference = 65816FFAC30AA51F8EDAB604 /* Pods-SmileSelfie.debug.xcconfig */;
			buildSettings = {
				ASSETCATALOG_COMPILER_APPICON_NAME = AppIcon;
				CODE_SIGN_STYLE = Automatic;
				DEVELOPMENT_TEAM = RG55XLA874;
				INFOPLIST_FILE = SmileSelfie/Info.plist;
				LD_RUNPATH_SEARCH_PATHS = (
					"$(inherited)",
					"@executable_path/Frameworks",
				);
				PRODUCT_BUNDLE_IDENTIFIER = com.amG.smileselfie.SmileSelfie;
				PRODUCT_NAME = "$(TARGET_NAME)";
				SWIFT_VERSION = 5.0;
				TARGETED_DEVICE_FAMILY = "1,2";
			};
			name = Debug;
		};
		9439C979229E2F3C0009CF8D /* Release */ = {
			isa = XCBuildConfiguration;
			baseConfigurationReference = 0A36EDEE773F5C557D90E77D /* Pods-SmileSelfie.release.xcconfig */;
			buildSettings = {
				ASSETCATALOG_COMPILER_APPICON_NAME = AppIcon;
				CODE_SIGN_STYLE = Automatic;
				DEVELOPMENT_TEAM = RG55XLA874;
				INFOPLIST_FILE = SmileSelfie/Info.plist;
				LD_RUNPATH_SEARCH_PATHS = (
					"$(inherited)",
					"@executable_path/Frameworks",
				);
				PRODUCT_BUNDLE_IDENTIFIER = com.amG.smileselfie.SmileSelfie;
				PRODUCT_NAME = "$(TARGET_NAME)";
				SWIFT_VERSION = 5.0;
				TARGETED_DEVICE_FAMILY = "1,2";
			};
			name = Release;
		};
/* End XCBuildConfiguration section */

/* Begin XCConfigurationList section */
		9439C960229E2F3B0009CF8D /* Build configuration list for PBXProject "SmileSelfie" */ = {
			isa = XCConfigurationList;
			buildConfigurations = (
				9439C975229E2F3C0009CF8D /* Debug */,
				9439C976229E2F3C0009CF8D /* Release */,
			);
			defaultConfigurationIsVisible = 0;
			defaultConfigurationName = Release;
		};
		9439C977229E2F3C0009CF8D /* Build configuration list for PBXNativeTarget "SmileSelfie" */ = {
			isa = XCConfigurationList;
			buildConfigurations = (
				9439C978229E2F3C0009CF8D /* Debug */,
				9439C979229E2F3C0009CF8D /* Release */,
			);
			defaultConfigurationIsVisible = 0;
			defaultConfigurationName = Release;
		};
/* End XCConfigurationList section */
	};
	rootObject = 9439C95D229E2F3B0009CF8D /* Project object */;
}
